
Microsoft Visual Studio Solution File, Format Version 12.00
# Visual Studio 14
VisualStudioVersion = 14.0.25420.1
MinimumVisualStudioVersion = 10.0.40219.1
Project("{888888A0-9F3D-457C-B088-3A5042F75D52}") = "JX3Trader", "JX3Trader.pyproj", "{DD9E86F1-6DFC-445A-B129-912347A0DBFE}"
EndProject
Project("{888888A0-9F3D-457C-B088-3A5042F75D52}") = "JX3TraderWeb", "..\JX3TraderWeb\JX3TraderWeb.pyproj", "{B87354BE-E6FE-4BB0-9B4B-C6D8651FCF04}"
EndProject
Global
	GlobalSection(SolutionConfigurationPlatforms) = preSolution
		Debug|Any CPU = Debug|Any CPU
		Release|Any CPU = Release|Any CPU
	EndGlobalSection
	GlobalSection(ProjectConfigurationPlatforms) = postSolution
		{DD9E86F1-6DFC-445A-B129-912347A0DBFE}.Debug|Any CPU.ActiveCfg = Debug|Any CPU
		{DD9E86F1-6DFC-445A-B129-912347A0DBFE}.Release|Any CPU.ActiveCfg = Release|Any CPU
		{B87354BE-E6FE-4BB0-9B4B-C6D8651FCF04}.Debug|Any CPU.ActiveCfg = Debug|Any CPU
		{B87354BE-E6FE-4BB0-9B4B-C6D8651FCF04}.Debug|Any CPU.Build.0 = Debug|Any CPU
		{B87354BE-E6FE-4BB0-9B4B-C6D8651FCF04}.Release|Any CPU.ActiveCfg = Release|Any CPU
		{B87354BE-E6FE-4BB0-9B4B-C6D8651FCF04}.Release|Any CPU.Build.0 = Release|Any CPU
	EndGlobalSection
	GlobalSection(SolutionProperties) = preSolution
		HideSolutionNode = FALSE
	EndGlobalSection
EndGlobal
